
Microsoft Visual Studio Solution File, Format Version 11.00
# Visual Studio 2010
Project("{FAE04EC0-301F-11D3-BF4B-00C04F79EFBC}") = "Measurer", "Measurer\Measurer.csproj", "{01C63AA0-695E-4328-A8F5-B199D2303E1C}"
EndProject
Project("{FAE04EC0-301F-11D3-BF4B-00C04F79EFBC}") = "LIB_DB", "LIB_DB\LIB_DB.csproj", "{6148FC59-7220-414D-838F-626F2EBC1FCF}"
EndProject
Project("{FAE04EC0-301F-11D3-BF4B-00C04F79EFBC}") = "LIB_Common", "LIB_Common\LIB_Common.csproj", "{6C40EB2E-0929-4EB1-BE10-87032EE83F96}"
EndProject
Global
	GlobalSection(SolutionConfigurationPlatforms) = preSolution
		Debug|Any CPU = Debug|Any CPU
		Debug|Mixed Platforms = Debug|Mixed Platforms
		Debug|x86 = Debug|x86
		Release|Any CPU = Release|Any CPU
		Release|Mixed Platforms = Release|Mixed Platforms
		Release|x86 = Release|x86
	EndGlobalSection
	GlobalSection(ProjectConfigurationPlatforms) = postSolution
		{01C63AA0-695E-4328-A8F5-B199D2303E1C}.Debug|Any CPU.ActiveCfg = Debug|x86
		{01C63AA0-695E-4328-A8F5-B199D2303E1C}.Debug|Mixed Platforms.ActiveCfg = Debug|x86
		{01C63AA0-695E-4328-A8F5-B199D2303E1C}.Debug|Mixed Platforms.Build.0 = Debug|x86
		{01C63AA0-695E-4328-A8F5-B199D2303E1C}.Debug|x86.ActiveCfg = Debug|x86
		{01C63AA0-695E-4328-A8F5-B199D2303E1C}.Debug|x86.Build.0 = Debug|x86
		{01C63AA0-695E-4328-A8F5-B199D2303E1C}.Release|Any CPU.ActiveCfg = Release|x86
		{01C63AA0-695E-4328-A8F5-B199D2303E1C}.Release|Mixed Platforms.ActiveCfg = Release|x86
		{01C63AA0-695E-4328-A8F5-B199D2303E1C}.Release|Mixed Platforms.Build.0 = Release|x86
		{01C63AA0-695E-4328-A8F5-B199D2303E1C}.Release|x86.ActiveCfg = Release|x86
		{01C63AA0-695E-4328-A8F5-B199D2303E1C}.Release|x86.Build.0 = Release|x86
		{6148FC59-7220-414D-838F-626F2EBC1FCF}.Debug|Any CPU.ActiveCfg = Debug|Any CPU
		{6148FC59-7220-414D-838F-626F2EBC1FCF}.Debug|Any CPU.Build.0 = Debug|Any CPU
		{6148FC59-7220-414D-838F-626F2EBC1FCF}.Debug|Mixed Platforms.ActiveCfg = Debug|Any CPU
		{6148FC59-7220-414D-838F-626F2EBC1FCF}.Debug|Mixed Platforms.Build.0 = Debug|Any CPU
		{6148FC59-7220-414D-838F-626F2EBC1FCF}.Debug|x86.ActiveCfg = Debug|Any CPU
		{6148FC59-7220-414D-838F-626F2EBC1FCF}.Release|Any CPU.ActiveCfg = Release|Any CPU
		{6148FC59-7220-414D-838F-626F2EBC1FCF}.Release|Any CPU.Build.0 = Release|Any CPU
		{6148FC59-7220-414D-838F-626F2EBC1FCF}.Release|Mixed Platforms.ActiveCfg = Release|Any CPU
		{6148FC59-7220-414D-838F-626F2EBC1FCF}.Release|Mixed Platforms.Build.0 = Release|Any CPU
		{6148FC59-7220-414D-838F-626F2EBC1FCF}.Release|x86.ActiveCfg = Release|Any CPU
		{6C40EB2E-0929-4EB1-BE10-87032EE83F96}.Debug|Any CPU.ActiveCfg = Debug|Any CPU
		{6C40EB2E-0929-4EB1-BE10-87032EE83F96}.Debug|Any CPU.Build.0 = Debug|Any CPU
		{6C40EB2E-0929-4EB1-BE10-87032EE83F96}.Debug|Mixed Platforms.ActiveCfg = Debug|Any CPU
		{6C40EB2E-0929-4EB1-BE10-87032EE83F96}.Debug|Mixed Platforms.Build.0 = Debug|Any CPU
		{6C40EB2E-0929-4EB1-BE10-87032EE83F96}.Debug|x86.ActiveCfg = Debug|Any CPU
		{6C40EB2E-0929-4EB1-BE10-87032EE83F96}.Release|Any CPU.ActiveCfg = Release|Any CPU
		{6C40EB2E-0929-4EB1-BE10-87032EE83F96}.Release|Any CPU.Build.0 = Release|Any CPU
		{6C40EB2E-0929-4EB1-BE10-87032EE83F96}.Release|Mixed Platforms.ActiveCfg = Release|Any CPU
		{6C40EB2E-0929-4EB1-BE10-87032EE83F96}.Release|Mixed Platforms.Build.0 = Release|Any CPU
		{6C40EB2E-0929-4EB1-BE10-87032EE83F96}.Release|x86.ActiveCfg = Release|Any CPU
	EndGlobalSection
	GlobalSection(SolutionProperties) = preSolution
		HideSolutionNode = FALSE
	EndGlobalSection
EndGlobal
